
Microsoft Visual Studio Solution File, Format Version 12.00
# Visual Studio Version 17
VisualStudioVersion = 17.3.32922.545
MinimumVisualStudioVersion = 10.0.40219.1
Project("{FAE04EC0-301F-11D3-BF4B-00C04F79EFBC}") = "MandelbrotTry", "MandelbrotTry.csproj", "{EC8162ED-862C-4E6A-B236-9D4923E2A87F}"
EndProject
Global
	GlobalSection(SolutionConfigurationPlatforms) = preSolution
		Debug|Any CPU = Debug|Any CPU
		Release|Any CPU = Release|Any CPU
	EndGlobalSection
	GlobalSection(ProjectConfigurationPlatforms) = postSolution
		{EC8162ED-862C-4E6A-B236-9D4923E2A87F}.Debug|Any CPU.ActiveCfg = Debug|Any CPU
		{EC8162ED-862C-4E6A-B236-9D4923E2A87F}.Debug|Any CPU.Build.0 = Debug|Any CPU
		{EC8162ED-862C-4E6A-B236-9D4923E2A87F}.Release|Any CPU.ActiveCfg = Release|Any CPU
		{EC8162ED-862C-4E6A-B236-9D4923E2A87F}.Release|Any CPU.Build.0 = Release|Any CPU
	EndGlobalSection
	GlobalSection(SolutionProperties) = preSolution
		HideSolutionNode = FALSE
	EndGlobalSection
	GlobalSection(ExtensibilityGlobals) = postSolution
		SolutionGuid = {DEE9DC29-D194-4D0F-95FC-69DD87B911D4}
	EndGlobalSection
EndGlobal
